// !$*UTF8*$!
{
	archiveVersion = 1;
	classes = {
	};
	objectVersion = 50;
	objects = {

/* Begin PBXBuildFile section */
		E4C63AE71A188858FF9DCFA8 /* Pods_iOSToDoApp.framework in Frameworks */ = {isa = PBXBuildFile; fileRef = EBC33F31AF9E8B988367D8F7 /* Pods_iOSToDoApp.framework */; };
		FB5C79D62164EB43004750DF /* AppDelegate.swift in Sources */ = {isa = PBXBuildFile; fileRef = FB5C79D52164EB43004750DF /* AppDelegate.swift */; };
		FB5C79D82164EB43004750DF /* ViewController.swift in Sources */ = {isa = PBXBuildFile; fileRef = FB5C79D72164EB43004750DF /* ViewController.swift */; };
		FB5C79DB2164EB43004750DF /* Main.storyboard in Resources */ = {isa = PBXBuildFile; fileRef = FB5C79D92164EB43004750DF /* Main.storyboard */; };
		FB5C79DD2164EB44004750DF /* Assets.xcassets in Resources */ = {isa = PBXBuildFile; fileRef = FB5C79DC2164EB44004750DF /* Assets.xcassets */; };
		FB5C79E02164EB44004750DF /* LaunchScreen.storyboard in Resources */ = {isa = PBXBuildFile; fileRef = FB5C79DE2164EB44004750DF /* LaunchScreen.storyboard */; };
		FB5C79EB2164EB44004750DF /* iOSToDoAppTests.swift in Sources */ = {isa = PBXBuildFile; fileRef = FB5C79EA2164EB44004750DF /* iOSToDoAppTests.swift */; };
		FB5C79F62164EB44004750DF /* iOSToDoAppUITests.swift in Sources */ = {isa = PBXBuildFile; fileRef = FB5C79F52164EB44004750DF /* iOSToDoAppUITests.swift */; };
/* End PBXBuildFile section */

/* Begin PBXContainerItemProxy section */
		FB5C79E72164EB44004750DF /* PBXContainerItemProxy */ = {
			isa = PBXContainerItemProxy;
			containerPortal = FB5C79CA2164EB42004750DF /* Project object */;
			proxyType = 1;
			remoteGlobalIDString = FB5C79D12164EB43004750DF;
			remoteInfo = iOSToDoApp;
		};
		FB5C79F22164EB44004750DF /* PBXContainerItemProxy */ = {
			isa = PBXContainerItemProxy;
			containerPortal = FB5C79CA2164EB42004750DF /* Project object */;
			proxyType = 1;
			remoteGlobalIDString = FB5C79D12164EB43004750DF;
			remoteInfo = iOSToDoApp;
		};
/* End PBXContainerItemProxy section */

/* Begin PBXFileReference section */
		47B846FB9D4D158B812DFC99 /* Pods-iOSToDoApp.release.xcconfig */ = {isa = PBXFileReference; includeInIndex = 1; lastKnownFileType = text.xcconfig; name = "Pods-iOSToDoApp.release.xcconfig"; path = "Pods/Target Support Files/Pods-iOSToDoApp/Pods-iOSToDoApp.release.xcconfig"; sourceTree = "<group>"; };
		7B873620FB47E373A1FAFE45 /* Pods-iOSToDoApp.debug.xcconfig */ = {isa = PBXFileReference; includeInIndex = 1; lastKnownFileType = text.xcconfig; name = "Pods-iOSToDoApp.debug.xcconfig"; path = "Pods/Target Support Files/Pods-iOSToDoApp/Pods-iOSToDoApp.debug.xcconfig"; sourceTree = "<group>"; };
		EBC33F31AF9E8B988367D8F7 /* Pods_iOSToDoApp.framework */ = {isa = PBXFileReference; explicitFileType = wrapper.framework; includeInIndex = 0; path = Pods_iOSToDoApp.framework; sourceTree = BUILT_PRODUCTS_DIR; };
		FB5C79D22164EB43004750DF /* iOSToDoApp.app */ = {isa = PBXFileReference; explicitFileType = wrapper.application; includeInIndex = 0; path = iOSToDoApp.app; sourceTree = BUILT_PRODUCTS_DIR; };
		FB5C79D52164EB43004750DF /* AppDelegate.swift */ = {isa = PBXFileReference; lastKnownFileType = sourcecode.swift; path = AppDelegate.swift; sourceTree = "<group>"; };
		FB5C79D72164EB43004750DF /* ViewController.swift */ = {isa = PBXFileReference; lastKnownFileType = sourcecode.swift; path = ViewController.swift; sourceTree = "<group>"; };
		FB5C79DA2164EB43004750DF /* Base */ = {isa = PBXFileReference; lastKnownFileType = file.storyboard; name = Base; path = Base.lproj/Main.storyboard; sourceTree = "<group>"; };
		FB5C79DC2164EB44004750DF /* Assets.xcassets */ = {isa = PBXFileReference; lastKnownFileType = folder.assetcatalog; path = Assets.xcassets; sourceTree = "<group>"; };
		FB5C79DF2164EB44004750DF /* Base */ = {isa = PBXFileReference; lastKnownFileType = file.storyboard; name = Base; path = Base.lproj/LaunchScreen.storyboard; sourceTree = "<group>"; };
		FB5C79E12164EB44004750DF /* Info.plist */ = {isa = PBXFileReference; lastKnownFileType = text.plist.xml; path = Info.plist; sourceTree = "<group>"; };
		FB5C79E62164EB44004750DF /* iOSToDoAppTests.xctest */ = {isa = PBXFileReference; explicitFileType = wrapper.cfbundle; includeInIndex = 0; path = iOSToDoAppTests.xctest; sourceTree = BUILT_PRODUCTS_DIR; };
		FB5C79EA2164EB44004750DF /* iOSToDoAppTests.swift */ = {isa = PBXFileReference; lastKnownFileType = sourcecode.swift; path = iOSToDoAppTests.swift; sourceTree = "<group>"; };
		FB5C79EC2164EB44004750DF /* Info.plist */ = {isa = PBXFileReference; lastKnownFileType = text.plist.xml; path = Info.plist; sourceTree = "<group>"; };
		FB5C79F12164EB44004750DF /* iOSToDoAppUITests.xctest */ = {isa = PBXFileReference; explicitFileType = wrapper.cfbundle; includeInIndex = 0; path = iOSToDoAppUITests.xctest; sourceTree = BUILT_PRODUCTS_DIR; };
		FB5C79F52164EB44004750DF /* iOSToDoAppUITests.swift */ = {isa = PBXFileReference; lastKnownFileType = sourcecode.swift; path = iOSToDoAppUITests.swift; sourceTree = "<group>"; };
		FB5C79F72164EB44004750DF /* Info.plist */ = {isa = PBXFileReference; lastKnownFileType = text.plist.xml; path = Info.plist; sourceTree = "<group>"; };
/* End PBXFileReference section */

/* Begin PBXFrameworksBuildPhase section */
		FB5C79CF2164EB43004750DF /* Frameworks */ = {
			isa = PBXFrameworksBuildPhase;
			buildActionMask = 2147483647;
			files = (
				E4C63AE71A188858FF9DCFA8 /* Pods_iOSToDoApp.framework in Frameworks */,
			);
			runOnlyForDeploymentPostprocessing = 0;
		};
		FB5C79E32164EB44004750DF /* Frameworks */ = {
			isa = PBXFrameworksBuildPhase;
			buildActionMask = 2147483647;
			files = (
			);
			runOnlyForDeploymentPostprocessing = 0;
		};
		FB5C79EE2164EB44004750DF /* Frameworks */ = {
			isa = PBXFrameworksBuildPhase;
			buildActionMask = 2147483647;
			files = (
			);
			runOnlyForDeploymentPostprocessing = 0;
		};
/* End PBXFrameworksBuildPhase section */

/* Begin PBXGroup section */
		5EE382C29DD5DC44CF259094 /* Pods */ = {
			isa = PBXGroup;
			children = (
				7B873620FB47E373A1FAFE45 /* Pods-iOSToDoApp.debug.xcconfig */,
				47B846FB9D4D158B812DFC99 /* Pods-iOSToDoApp.release.xcconfig */,
			);
			name = Pods;
			sourceTree = "<group>";
		};
		E727999BF6E5740312EDFB5E /* Frameworks */ = {
			isa = PBXGroup;
			children = (
				EBC33F31AF9E8B988367D8F7 /* Pods_iOSToDoApp.framework */,
			);
			name = Frameworks;
			sourceTree = "<group>";
		};
		FB5C79C92164EB42004750DF = {
			isa = PBXGroup;
			children = (
				FB5C79D42164EB43004750DF /* iOSToDoApp */,
				FB5C79E92164EB44004750DF /* iOSToDoAppTests */,
				FB5C79F42164EB44004750DF /* iOSToDoAppUITests */,
				FB5C79D32164EB43004750DF /* Products */,
				5EE382C29DD5DC44CF259094 /* Pods */,
				E727999BF6E5740312EDFB5E /* Frameworks */,
			);
			sourceTree = "<group>";
		};
		FB5C79D32164EB43004750DF /* Products */ = {
			isa = PBXGroup;
			children = (
				FB5C79D22164EB43004750DF /* iOSToDoApp.app */,
				FB5C79E62164EB44004750DF /* iOSToDoAppTests.xctest */,
				FB5C79F12164EB44004750DF /* iOSToDoAppUITests.xctest */,
			);
			name = Products;
			sourceTree = "<group>";
		};
		FB5C79D42164EB43004750DF /* iOSToDoApp */ = {
			isa = PBXGroup;
			children = (
				FB5C79D52164EB43004750DF /* AppDelegate.swift */,
				FB5C79D72164EB43004750DF /* ViewController.swift */,
				FB5C79D92164EB43004750DF /* Main.storyboard */,
				FB5C79DC2164EB44004750DF /* Assets.xcassets */,
				FB5C79DE2164EB44004750DF /* LaunchScreen.storyboard */,
				FB5C79E12164EB44004750DF /* Info.plist */,
			);
			path = iOSToDoApp;
			sourceTree = "<group>";
		};
		FB5C79E92164EB44004750DF /* iOSToDoAppTests */ = {
			isa = PBXGroup;
			children = (
				FB5C79EA2164EB44004750DF /* iOSToDoAppTests.swift */,
				FB5C79EC2164EB44004750DF /* Info.plist */,
			);
			path = iOSToDoAppTests;
			sourceTree = "<group>";
		};
		FB5C79F42164EB44004750DF /* iOSToDoAppUITests */ = {
			isa = PBXGroup;
			children = (
				FB5C79F52164EB44004750DF /* iOSToDoAppUITests.swift */,
				FB5C79F72164EB44004750DF /* Info.plist */,
			);
			path = iOSToDoAppUITests;
			sourceTree = "<group>";
		};
/* End PBXGroup section */

/* Begin PBXNativeTarget section */
		FB5C79D12164EB43004750DF /* iOSToDoApp */ = {
			isa = PBXNativeTarget;
			buildConfigurationList = FB5C79FA2164EB44004750DF /* Build configuration list for PBXNativeTarget "iOSToDoApp" */;
			buildPhases = (
				7B042AE2018FBC0D2BDDB5E8 /* [CP] Check Pods Manifest.lock */,
				FB5C79CE2164EB43004750DF /* Sources */,
				FB5C79CF2164EB43004750DF /* Frameworks */,
				FB5C79D02164EB43004750DF /* Resources */,
				0BD7CCF251808F0B23954FF4 /* [CP] Embed Pods Frameworks */,
			);
			buildRules = (
			);
			dependencies = (
			);
			name = iOSToDoApp;
			productName = iOSToDoApp;
			productReference = FB5C79D22164EB43004750DF /* iOSToDoApp.app */;
			productType = "com.apple.product-type.application";
		};
		FB5C79E52164EB44004750DF /* iOSToDoAppTests */ = {
			isa = PBXNativeTarget;
			buildConfigurationList = FB5C79FD2164EB44004750DF /* Build configuration list for PBXNativeTarget "iOSToDoAppTests" */;
			buildPhases = (
				FB5C79E22164EB44004750DF /* Sources */,
				FB5C79E32164EB44004750DF /* Frameworks */,
				FB5C79E42164EB44004750DF /* Resources */,
			);
			buildRules = (
			);
			dependencies = (
				FB5C79E82164EB44004750DF /* PBXTargetDependency */,
			);
			name = iOSToDoAppTests;
			productName = iOSToDoAppTests;
			productReference = FB5C79E62164EB44004750DF /* iOSToDoAppTests.xctest */;
			productType = "com.apple.product-type.bundle.unit-test";
		};
		FB5C79F02164EB44004750DF /* iOSToDoAppUITests */ = {
			isa = PBXNativeTarget;
			buildConfigurationList = FB5C7A002164EB44004750DF /* Build configuration list for PBXNativeTarget "iOSToDoAppUITests" */;
			buildPhases = (
				FB5C79ED2164EB44004750DF /* Sources */,
				FB5C79EE2164EB44004750DF /* Frameworks */,
				FB5C79EF2164EB44004750DF /* Resources */,
			);
			buildRules = (
			);
			dependencies = (
				FB5C79F32164EB44004750DF /* PBXTargetDependency */,
			);
			name = iOSToDoAppUITests;
			productName = iOSToDoAppUITests;
			productReference = FB5C79F12164EB44004750DF /* iOSToDoAppUITests.xctest */;
			productType = "com.apple.product-type.bundle.ui-testing";
		};
/* End PBXNativeTarget section */

/* Begin PBXProject section */
		FB5C79CA2164EB42004750DF /* Project object */ = {
			isa = PBXProject;
			attributes = {
				LastSwiftUpdateCheck = 1000;
				LastUpgradeCheck = 1000;
				ORGANIZATIONNAME = "Michail Bondarenko";
				TargetAttributes = {
					FB5C79D12164EB43004750DF = {
						CreatedOnToolsVersion = 10.0;
					};
					FB5C79E52164EB44004750DF = {
						CreatedOnToolsVersion = 10.0;
						TestTargetID = FB5C79D12164EB43004750DF;
					};
					FB5C79F02164EB44004750DF = {
						CreatedOnToolsVersion = 10.0;
						TestTargetID = FB5C79D12164EB43004750DF;
					};
				};
			};
			buildConfigurationList = FB5C79CD2164EB42004750DF /* Build configuration list for PBXProject "iOSToDoApp" */;
			compatibilityVersion = "Xcode 9.3";
			developmentRegion = en;
			hasScannedForEncodings = 0;
			knownRegions = (
				en,
				Base,
			);
			mainGroup = FB5C79C92164EB42004750DF;
			productRefGroup = FB5C79D32164EB43004750DF /* Products */;
			projectDirPath = "";
			projectRoot = "";
			targets = (
				FB5C79D12164EB43004750DF /* iOSToDoApp */,
				FB5C79E52164EB44004750DF /* iOSToDoAppTests */,
				FB5C79F02164EB44004750DF /* iOSToDoAppUITests */,
			);
		};
/* End PBXProject section */

/* Begin PBXResourcesBuildPhase section */
		FB5C79D02164EB43004750DF /* Resources */ = {
			isa = PBXResourcesBuildPhase;
			buildActionMask = 2147483647;
			files = (
				FB5C79E02164EB44004750DF /* LaunchScreen.storyboard in Resources */,
				FB5C79DD2164EB44004750DF /* Assets.xcassets in Resources */,
				FB5C79DB2164EB43004750DF /* Main.storyboard in Resources */,
			);
			runOnlyForDeploymentPostprocessing = 0;
		};
		FB5C79E42164EB44004750DF /* Resources */ = {
			isa = PBXResourcesBuildPhase;
			buildActionMask = 2147483647;
			files = (
			);
			runOnlyForDeploymentPostprocessing = 0;
		};
		FB5C79EF2164EB44004750DF /* Resources */ = {
			isa = PBXResourcesBuildPhase;
			buildActionMask = 2147483647;
			files = (
			);
			runOnlyForDeploymentPostprocessing = 0;
		};
/* End PBXResourcesBuildPhase section */

/* Begin PBXShellScriptBuildPhase section */
		0BD7CCF251808F0B23954FF4 /* [CP] Embed Pods Frameworks */ = {
			isa = PBXShellScriptBuildPhase;
			buildActionMask = 2147483647;
			files = (
			);
			inputFileListPaths = (
			);
			inputPaths = (
				"${SRCROOT}/Pods/Target Support Files/Pods-iOSToDoApp/Pods-iOSToDoApp-frameworks.sh",
				"${BUILT_PRODUCTS_DIR}/Realm/Realm.framework",
				"${BUILT_PRODUCTS_DIR}/RealmSwift/RealmSwift.framework",
			);
			name = "[CP] Embed Pods Frameworks";
			outputFileListPaths = (
			);
			outputPaths = (
				"${TARGET_BUILD_DIR}/${FRAMEWORKS_FOLDER_PATH}/Realm.framework",
				"${TARGET_BUILD_DIR}/${FRAMEWORKS_FOLDER_PATH}/RealmSwift.framework",
			);
			runOnlyForDeploymentPostprocessing = 0;
			shellPath = /bin/sh;
			shellScript = "\"${SRCROOT}/Pods/Target Support Files/Pods-iOSToDoApp/Pods-iOSToDoApp-frameworks.sh\"\n";
			showEnvVarsInLog = 0;
		};
		7B042AE2018FBC0D2BDDB5E8 /* [CP] Check Pods Manifest.lock */ = {
			isa = PBXShellScriptBuildPhase;
			buildActionMask = 2147483647;
			files = (
			);
			inputFileListPaths = (
			);
			inputPaths = (
				"${PODS_PODFILE_DIR_PATH}/Podfile.lock",
				"${PODS_ROOT}/Manifest.lock",
			);
			name = "[CP] Check Pods Manifest.lock";
			outputFileListPaths = (
			);
			outputPaths = (
				"$(DERIVED_FILE_DIR)/Pods-iOSToDoApp-checkManifestLockResult.txt",
			);
			runOnlyForDeploymentPostprocessing = 0;
			shellPath = /bin/sh;
			shellScript = "diff \"${PODS_PODFILE_DIR_PATH}/Podfile.lock\" \"${PODS_ROOT}/Manifest.lock\" > /dev/null\nif [ $? != 0 ] ; then\n    # print error to STDERR\n    echo \"error: The sandbox is not in sync with the Podfile.lock. Run 'pod install' or update your CocoaPods installation.\" >&2\n    exit 1\nfi\n# This output is used by Xcode 'outputs' to avoid re-running this script phase.\necho \"SUCCESS\" > \"${SCRIPT_OUTPUT_FILE_0}\"\n";
			showEnvVarsInLog = 0;
		};
/* End PBXShellScriptBuildPhase section */

/* Begin PBXSourcesBuildPhase section */
		FB5C79CE2164EB43004750DF /* Sources */ = {
			isa = PBXSourcesBuildPhase;
			buildActionMask = 2147483647;
			files = (
				FB5C79D82164EB43004750DF /* ViewController.swift in Sources */,
				FB5C79D62164EB43004750DF /* AppDelegate.swift in Sources */,
			);
			runOnlyForDeploymentPostprocessing = 0;
		};
		FB5C79E22164EB44004750DF /* Sources */ = {
			isa = PBXSourcesBuildPhase;
			buildActionMask = 2147483647;
			files = (
				FB5C79EB2164EB44004750DF /* iOSToDoAppTests.swift in Sources */,
			);
			runOnlyForDeploymentPostprocessing = 0;
		};
		FB5C79ED2164EB44004750DF /* Sources */ = {
			isa = PBXSourcesBuildPhase;
			buildActionMask = 2147483647;
			files = (
				FB5C79F62164EB44004750DF /* iOSToDoAppUITests.swift in Sources */,
			);
			runOnlyForDeploymentPostprocessing = 0;
		};
/* End PBXSourcesBuildPhase section */

/* Begin PBXTargetDependency section */
		FB5C79E82164EB44004750DF /* PBXTargetDependency */ = {
			isa = PBXTargetDependency;
			target = FB5C79D12164EB43004750DF /* iOSToDoApp */;
			targetProxy = FB5C79E72164EB44004750DF /* PBXContainerItemProxy */;
		};
		FB5C79F32164EB44004750DF /* PBXTargetDependency */ = {
			isa = PBXTargetDependency;
			target = FB5C79D12164EB43004750DF /* iOSToDoApp */;
			targetProxy = FB5C79F22164EB44004750DF /* PBXContainerItemProxy */;
		};
/* End PBXTargetDependency section */

/* Begin PBXVariantGroup section */
		FB5C79D92164EB43004750DF /* Main.storyboard */ = {
			isa = PBXVariantGroup;
			children = (
				FB5C79DA2164EB43004750DF /* Base */,
			);
			name = Main.storyboard;
			sourceTree = "<group>";
		};
		FB5C79DE2164EB44004750DF /* LaunchScreen.storyboard */ = {
			isa = PBXVariantGroup;
			children = (
				FB5C79DF2164EB44004750DF /* Base */,
			);
			name = LaunchScreen.storyboard;
			sourceTree = "<group>";
		};
/* End PBXVariantGroup section */

/* Begin XCBuildConfiguration section */
		FB5C79F82164EB44004750DF /* Debug */ = {
			isa = XCBuildConfiguration;
			buildSettings = {
				ALWAYS_SEARCH_USER_PATHS = NO;
				CLANG_ANALYZER_NONNULL = YES;
				CLANG_ANALYZER_NUMBER_OBJECT_CONVERSION = YES_AGGRESSIVE;
				CLANG_CXX_LANGUAGE_STANDARD = "gnu++14";
				CLANG_CXX_LIBRARY = "libc++";
				CLANG_ENABLE_MODULES = YES;
				CLANG_ENABLE_OBJC_ARC = YES;
				CLANG_ENABLE_OBJC_WEAK = YES;
				CLANG_WARN_BLOCK_CAPTURE_AUTORELEASING = YES;
				CLANG_WARN_BOOL_CONVERSION = YES;
				CLANG_WARN_COMMA = YES;
				CLANG_WARN_CONSTANT_CONVERSION = YES;
				CLANG_WARN_DEPRECATED_OBJC_IMPLEMENTATIONS = YES;
				CLANG_WARN_DIRECT_OBJC_ISA_USAGE = YES_ERROR;
				CLANG_WARN_DOCUMENTATION_COMMENTS = YES;
				CLANG_WARN_EMPTY_BODY = YES;
				CLANG_WARN_ENUM_CONVERSION = YES;
				CLANG_WARN_INFINITE_RECURSION = YES;
				CLANG_WARN_INT_CONVERSION = YES;
				CLANG_WARN_NON_LITERAL_NULL_CONVERSION = YES;
				CLANG_WARN_OBJC_IMPLICIT_RETAIN_SELF = YES;
				CLANG_WARN_OBJC_LITERAL_CONVERSION = YES;
				CLANG_WARN_OBJC_ROOT_CLASS = YES_ERROR;
				CLANG_WARN_RANGE_LOOP_ANALYSIS = YES;
				CLANG_WARN_STRICT_PROTOTYPES = YES;
				CLANG_WARN_SUSPICIOUS_MOVE = YES;
				CLANG_WARN_UNGUARDED_AVAILABILITY = YES_AGGRESSIVE;
				CLANG_WARN_UNREACHABLE_CODE = YES;
				CLANG_WARN__DUPLICATE_METHOD_MATCH = YES;
				CODE_SIGN_IDENTITY = "iPhone Developer";
				COPY_PHASE_STRIP = NO;
				DEBUG_INFORMATION_FORMAT = dwarf;
				ENABLE_STRICT_OBJC_MSGSEND = YES;
				ENABLE_TESTABILITY = YES;
				GCC_C_LANGUAGE_STANDARD = gnu11;
				GCC_DYNAMIC_NO_PIC = NO;
				GCC_NO_COMMON_BLOCKS = YES;
				GCC_OPTIMIZATION_LEVEL = 0;
				GCC_PREPROCESSOR_DEFINITIONS = (
					"DEBUG=1",
					"$(inherited)",
				);
				GCC_WARN_64_TO_32_BIT_CONVERSION = YES;
				GCC_WARN_ABOUT_RETURN_TYPE = YES_ERROR;
				GCC_WARN_UNDECLARED_SELECTOR = YES;
				GCC_WARN_UNINITIALIZED_AUTOS = YES_AGGRESSIVE;
				GCC_WARN_UNUSED_FUNCTION = YES;
				GCC_WARN_UNUSED_VARIABLE = YES;
				IPHONEOS_DEPLOYMENT_TARGET = 12.0;
				MTL_ENABLE_DEBUG_INFO = INCLUDE_SOURCE;
				MTL_FAST_MATH = YES;
				ONLY_ACTIVE_ARCH = YES;
				SDKROOT = iphoneos;
				SWIFT_ACTIVE_COMPILATION_CONDITIONS = DEBUG;
				SWIFT_OPTIMIZATION_LEVEL = "-Onone";
			};
			name = Debug;
		};
		FB5C79F92164EB44004750DF /* Release */ = {
			isa = XCBuildConfiguration;
			buildSettings = {
				ALWAYS_SEARCH_USER_PATHS = NO;
				CLANG_ANALYZER_NONNULL = YES;
				CLANG_ANALYZER_NUMBER_OBJECT_CONVERSION = YES_AGGRESSIVE;
				CLANG_CXX_LANGUAGE_STANDARD = "gnu++14";
				CLANG_CXX_LIBRARY = "libc++";
				CLANG_ENABLE_MODULES = YES;
				CLANG_ENABLE_OBJC_ARC = YES;
				CLANG_ENABLE_OBJC_WEAK = YES;
				CLANG_WARN_BLOCK_CAPTURE_AUTORELEASING = YES;
				CLANG_WARN_BOOL_CONVERSION = YES;
				CLANG_WARN_COMMA = YES;
				CLANG_WARN_CONSTANT_CONVERSION = YES;
				CLANG_WARN_DEPRECATED_OBJC_IMPLEMENTATIONS = YES;
				CLANG_WARN_DIRECT_OBJC_ISA_USAGE = YES_ERROR;
				CLANG_WARN_DOCUMENTATION_COMMENTS = YES;
				CLANG_WARN_EMPTY_BODY = YES;
				CLANG_WARN_ENUM_CONVERSION = YES;
				CLANG_WARN_INFINITE_RECURSION = YES;
				CLANG_WARN_INT_CONVERSION = YES;
				CLANG_WARN_NON_LITERAL_NULL_CONVERSION = YES;
				CLANG_WARN_OBJC_IMPLICIT_RETAIN_SELF = YES;
				CLANG_WARN_OBJC_LITERAL_CONVERSION = YES;
				CLANG_WARN_OBJC_ROOT_CLASS = YES_ERROR;
				CLANG_WARN_RANGE_LOOP_ANALYSIS = YES;
				CLANG_WARN_STRICT_PROTOTYPES = YES;
				CLANG_WARN_SUSPICIOUS_MOVE = YES;
				CLANG_WARN_UNGUARDED_AVAILABILITY = YES_AGGRESSIVE;
				CLANG_WARN_UNREACHABLE_CODE = YES;
				CLANG_WARN__DUPLICATE_METHOD_MATCH = YES;
				CODE_SIGN_IDENTITY = "iPhone Developer";
				COPY_PHASE_STRIP = NO;
				DEBUG_INFORMATION_FORMAT = "dwarf-with-dsym";
				ENABLE_NS_ASSERTIONS = NO;
				ENABLE_STRICT_OBJC_MSGSEND = YES;
				GCC_C_LANGUAGE_STANDARD = gnu11;
				GCC_NO_COMMON_BLOCKS = YES;
				GCC_WARN_64_TO_32_BIT_CONVERSION = YES;
				GCC_WARN_ABOUT_RETURN_TYPE = YES_ERROR;
				GCC_WARN_UNDECLARED_SELECTOR = YES;
				GCC_WARN_UNINITIALIZED_AUTOS = YES_AGGRESSIVE;
				GCC_WARN_UNUSED_FUNCTION = YES;
				GCC_WARN_UNUSED_VARIABLE = YES;
				IPHONEOS_DEPLOYMENT_TARGET = 12.0;
				MTL_ENABLE_DEBUG_INFO = NO;
				MTL_FAST_MATH = YES;
				SDKROOT = iphoneos;
				SWIFT_COMPILATION_MODE = wholemodule;
				SWIFT_OPTIMIZATION_LEVEL = "-O";
				VALIDATE_PRODUCT = YES;
			};
			name = Release;
		};
		FB5C79FB2164EB44004750DF /* Debug */ = {
			isa = XCBuildConfiguration;
			baseConfigurationReference = 7B873620FB47E373A1FAFE45 /* Pods-iOSToDoApp.debug.xcconfig */;
			buildSettings = {
				ASSETCATALOG_COMPILER_APPICON_NAME = AppIcon;
				CODE_SIGN_STYLE = Automatic;
				DEVELOPMENT_TEAM = GYWWW55376;
				INFOPLIST_FILE = iOSToDoApp/Info.plist;
				LD_RUNPATH_SEARCH_PATHS = (
					"$(inherited)",
					"@executable_path/Frameworks",
				);
				PRODUCT_BUNDLE_IDENTIFIER = mcmikius.iOSToDoApp;
				PRODUCT_NAME = "$(TARGET_NAME)";
				SWIFT_VERSION = 4.2;
				TARGETED_DEVICE_FAMILY = "1,2";
			};
			name = Debug;
		};
		FB5C79FC2164EB44004750DF /* Release */ = {
			isa = XCBuildConfiguration;
			baseConfigurationReference = 47B846FB9D4D158B812DFC99 /* Pods-iOSToDoApp.release.xcconfig */;
			buildSettings = {
				ASSETCATALOG_COMPILER_APPICON_NAME = AppIcon;
				CODE_SIGN_STYLE = Automatic;
				DEVELOPMENT_TEAM = GYWWW55376;
				INFOPLIST_FILE = iOSToDoApp/Info.plist;
				LD_RUNPATH_SEARCH_PATHS = (
					"$(inherited)",
					"@executable_path/Frameworks",
				);
				PRODUCT_BUNDLE_IDENTIFIER = mcmikius.iOSToDoApp;
				PRODUCT_NAME = "$(TARGET_NAME)";
				SWIFT_VERSION = 4.2;
				TARGETED_DEVICE_FAMILY = "1,2";
			};
			name = Release;
		};
		FB5C79FE2164EB44004750DF /* Debug */ = {
			isa = XCBuildConfiguration;
			buildSettings = {
				ALWAYS_EMBED_SWIFT_STANDARD_LIBRARIES = YES;
				BUNDLE_LOADER = "$(TEST_HOST)";
				CODE_SIGN_STYLE = Automatic;
				DEVELOPMENT_TEAM = GYWWW55376;
				INFOPLIST_FILE = iOSToDoAppTests/Info.plist;
				LD_RUNPATH_SEARCH_PATHS = (
					"$(inherited)",
					"@executable_path/Frameworks",
					"@loader_path/Frameworks",
				);
				PRODUCT_BUNDLE_IDENTIFIER = mcmikius.iOSToDoAppTests;
				PRODUCT_NAME = "$(TARGET_NAME)";
				SWIFT_VERSION = 4.2;
				TARGETED_DEVICE_FAMILY = "1,2";
				TEST_HOST = "$(BUILT_PRODUCTS_DIR)/iOSToDoApp.app/iOSToDoApp";
			};
			name = Debug;
		};
		FB5C79FF2164EB44004750DF /* Release */ = {
			isa = XCBuildConfiguration;
			buildSettings = {
				ALWAYS_EMBED_SWIFT_STANDARD_LIBRARIES = YES;
				BUNDLE_LOADER = "$(TEST_HOST)";
				CODE_SIGN_STYLE = Automatic;
				DEVELOPMENT_TEAM = GYWWW55376;
				INFOPLIST_FILE = iOSToDoAppTests/Info.plist;
				LD_RUNPATH_SEARCH_PATHS = (
					"$(inherited)",
					"@executable_path/Frameworks",
					"@loader_path/Frameworks",
				);
				PRODUCT_BUNDLE_IDENTIFIER = mcmikius.iOSToDoAppTests;
				PRODUCT_NAME = "$(TARGET_NAME)";
				SWIFT_VERSION = 4.2;
				TARGETED_DEVICE_FAMILY = "1,2";
				TEST_HOST = "$(BUILT_PRODUCTS_DIR)/iOSToDoApp.app/iOSToDoApp";
			};
			name = Release;
		};
		FB5C7A012164EB44004750DF /* Debug */ = {
			isa = XCBuildConfiguration;
			buildSettings = {
				ALWAYS_EMBED_SWIFT_STANDARD_LIBRARIES = YES;
				CODE_SIGN_STYLE = Automatic;
				DEVELOPMENT_TEAM = GYWWW55376;
				INFOPLIST_FILE = iOSToDoAppUITests/Info.plist;
				LD_RUNPATH_SEARCH_PATHS = (
					"$(inherited)",
					"@executable_path/Frameworks",
					"@loader_path/Frameworks",
				);
				PRODUCT_BUNDLE_IDENTIFIER = mcmikius.iOSToDoAppUITests;
				PRODUCT_NAME = "$(TARGET_NAME)";
				SWIFT_VERSION = 4.2;
				TARGETED_DEVICE_FAMILY = "1,2";
				TEST_TARGET_NAME = iOSToDoApp;
			};
			name = Debug;
		};
		FB5C7A022164EB44004750DF /* Release */ = {
			isa = XCBuildConfiguration;
			buildSettings = {
				ALWAYS_EMBED_SWIFT_STANDARD_LIBRARIES = YES;
				CODE_SIGN_STYLE = Automatic;
				DEVELOPMENT_TEAM = GYWWW55376;
				INFOPLIST_FILE = iOSToDoAppUITests/Info.plist;
				LD_RUNPATH_SEARCH_PATHS = (
					"$(inherited)",
					"@executable_path/Frameworks",
					"@loader_path/Frameworks",
				);
				PRODUCT_BUNDLE_IDENTIFIER = mcmikius.iOSToDoAppUITests;
				PRODUCT_NAME = "$(TARGET_NAME)";
				SWIFT_VERSION = 4.2;
				TARGETED_DEVICE_FAMILY = "1,2";
				TEST_TARGET_NAME = iOSToDoApp;
			};
			name = Release;
		};
/* End XCBuildConfiguration section */

/* Begin XCConfigurationList section */
		FB5C79CD2164EB42004750DF /* Build configuration list for PBXProject "iOSToDoApp" */ = {
			isa = XCConfigurationList;
			buildConfigurations = (
				FB5C79F82164EB44004750DF /* Debug */,
				FB5C79F92164EB44004750DF /* Release */,
			);
			defaultConfigurationIsVisible = 0;
			defaultConfigurationName = Release;
		};
		FB5C79FA2164EB44004750DF /* Build configuration list for PBXNativeTarget "iOSToDoApp" */ = {
			isa = XCConfigurationList;
			buildConfigurations = (
				FB5C79FB2164EB44004750DF /* Debug */,
				FB5C79FC2164EB44004750DF /* Release */,
			);
			defaultConfigurationIsVisible = 0;
			defaultConfigurationName = Release;
		};
		FB5C79FD2164EB44004750DF /* Build configuration list for PBXNativeTarget "iOSToDoAppTests" */ = {
			isa = XCConfigurationList;
			buildConfigurations = (
				FB5C79FE2164EB44004750DF /* Debug */,
				FB5C79FF2164EB44004750DF /* Release */,
			);
			defaultConfigurationIsVisible = 0;
			defaultConfigurationName = Release;
		};
		FB5C7A002164EB44004750DF /* Build configuration list for PBXNativeTarget "iOSToDoAppUITests" */ = {
			isa = XCConfigurationList;
			buildConfigurations = (
				FB5C7A012164EB44004750DF /* Debug */,
				FB5C7A022164EB44004750DF /* Release */,
			);
			defaultConfigurationIsVisible = 0;
			defaultConfigurationName = Release;
		};
/* End XCConfigurationList section */
	};
	rootObject = FB5C79CA2164EB42004750DF /* Project object */;
}
